
Microsoft Visual Studio Solution File, Format Version 12.00
# Visual Studio Version 17
VisualStudioVersion = 17.0.31903.59
MinimumVisualStudioVersion = 10.0.40219.1
Project("{FAE04EC0-301F-11D3-BF4B-00C04F79EFBC}") = "TPS", "TPS\TPS.csproj", "{404B207B-ED58-4CE1-B7C8-D58FCF6234AE}"
EndProject
Global
	GlobalSection(SolutionConfigurationPlatforms) = preSolution
		Debug|Any CPU = Debug|Any CPU
		Release|Any CPU = Release|Any CPU
	EndGlobalSection
	GlobalSection(ProjectConfigurationPlatforms) = postSolution
		{404B207B-ED58-4CE1-B7C8-D58FCF6234AE}.Debug|Any CPU.ActiveCfg = Debug|Any CPU
		{404B207B-ED58-4CE1-B7C8-D58FCF6234AE}.Debug|Any CPU.Build.0 = Debug|Any CPU
		{404B207B-ED58-4CE1-B7C8-D58FCF6234AE}.Release|Any CPU.ActiveCfg = Release|Any CPU
		{404B207B-ED58-4CE1-B7C8-D58FCF6234AE}.Release|Any CPU.Build.0 = Release|Any CPU
	EndGlobalSection
	GlobalSection(SolutionProperties) = preSolution
		HideSolutionNode = FALSE
	EndGlobalSection
	GlobalSection(ExtensibilityGlobals) = postSolution
		SolutionGuid = {697D59E9-ACBC-4AFF-BA03-780DBD9D7972}
	EndGlobalSection
EndGlobal
